<?xml version="1.0" encoding="UTF-8"?>
<!DOCTYPE plist PUBLIC "-//Apple//DTD PLIST 1.0//EN" "http://www.apple.com/DTDs/PropertyList-1.0.dtd">
<plist version="1.0">
<dict>
	<key>archiveVersion</key>
	<string>1</string>
	<key>classes</key>
	<dict/>
	<key>objectVersion</key>
	<string>56</string>
	<key>objects</key>
	<dict>
		<key>000000000000000000000001</key>
		<dict>
			<key>attributes</key>
			<dict>
				<key>LastUpgradeCheck</key>
				<string>2700</string>
			</dict>
			<key>buildConfigurationList</key>
			<string>00000000000000000000006E</string>
			<key>compatibilityVersion</key>
			<string>Xcode 14.0</string>
			<key>developmentRegion</key>
			<string>en</string>
			<key>hasScannedForEncodings</key>
			<integer>0</integer>
			<key>isa</key>
			<string>PBXProject</string>
			<key>knownRegions</key>
			<array>
				<string>en</string>
				<string>Base</string>
			</array>
			<key>mainGroup</key>
			<string>00000000000000000000006B</string>
			<key>productRefGroup</key>
			<string>00000000000000000000006A</string>
			<key>projectDirPath</key>
			<string></string>
			<key>projectRoot</key>
			<string></string>
			<key>targets</key>
			<array>
				<string>000000000000000000000069</string>
				<string>000000000000000000000012</string>
				<string>00000000000000000000001E</string>
				<string>00000000000000000000002A</string>
				<string>000000000000000000000036</string>
				<string>000000000000000000000042</string>
				<string>00000000000000000000004E</string>
				<string>000000000000000000000059</string>
			</array>
		</dict>
		<key>000000000000000000000002</key>
		<dict>
			<key>isa</key>
			<string>PBXFileReference</string>
			<key>lastKnownFileType</key>
			<string>sourcecode.swift</string>
			<key>path</key>
			<string>App/ScamBlockerApp.swift</string>
			<key>sourceTree</key>
			<string>&lt;group&gt;</string>
		</dict>
		<key>000000000000000000000003</key>
		<dict>
			<key>isa</key>
			<string>PBXFileReference</string>
			<key>lastKnownFileType</key>
			<string>sourcecode.swift</string>
			<key>path</key>
			<string>App/BlockerView.swift</string>
			<key>sourceTree</key>
			<string>&lt;group&gt;</string>
		</dict>
		<key>000000000000000000000004</key>
		<dict>
			<key>isa</key>
			<string>PBXFileReference</string>
			<key>lastKnownFileType</key>
			<string>sourcecode.swift</string>
			<key>path</key>
			<string>App/BlockerStatus.swift</string>
			<key>sourceTree</key>
			<string>&lt;group&gt;</string>
		</dict>
		<key>000000000000000000000005</key>
		<dict>
			<key>isa</key>
			<string>PBXFileReference</string>
			<key>lastKnownFileType</key>
			<string>sourcecode.swift</string>
			<key>path</key>
			<string>Blocker/CallDirectoryHandler.swift</string>
			<key>sourceTree</key>
			<string>&lt;group&gt;</string>
		</dict>
		<key>000000000000000000000006</key>
		<dict>
			<key>isa</key>
			<string>PBXFileReference</string>
			<key>lastKnownFileType</key>
			<string>sourcecode.swift</string>
			<key>path</key>
			<string>Lookup/LookupExtension.swift</string>
			<key>sourceTree</key>
			<string>&lt;group&gt;</string>
		</dict>
		<key>000000000000000000000007</key>
		<dict>
			<key>isa</key>
			<string>PBXFileReference</string>
			<key>lastKnownFileType</key>
			<string>sourcecode.swift</string>
			<key>path</key>
			<string>Shared/LookupSecrets.swift</string>
			<key>sourceTree</key>
			<string>&lt;group&gt;</string>
		</dict>
		<key>000000000000000000000008</key>
		<dict>
			<key>isa</key>
			<string>PBXFileReference</string>
			<key>lastKnownFileType</key>
			<string>sourcecode.swift</string>
			<key>path</key>
			<string>Shared/BlockerPlan.swift</string>
			<key>sourceTree</key>
			<string>&lt;group&gt;</string>
		</dict>
		<key>000000000000000000000009</key>
		<dict>
			<key>isa</key>
			<string>PBXFileReference</string>
			<key>lastKnownFileType</key>
			<string>sourcecode.swift</string>
			<key>path</key>
			<string>Shared/FallbackBlocks.swift</string>
			<key>sourceTree</key>
			<string>&lt;group&gt;</string>
		</dict>
		<key>00000000000000000000000A</key>
		<dict>
			<key>explicitFileType</key>
			<string>wrapper.app-extension</string>
			<key>isa</key>
			<string>PBXFileReference</string>
			<key>path</key>
			<string>Blocker.appex</string>
			<key>sourceTree</key>
			<string>BUILT_PRODUCTS_DIR</string>
		</dict>
		<key>00000000000000000000000B</key>
		<dict>
			<key>buildSettings</key>
			<dict>
				<key>APPLICATION_EXTENSION_API_ONLY</key>
				<string>YES</string>
				<key>CODE_SIGN_STYLE</key>
				<string>Automatic</string>
				<key>CURRENT_PROJECT_VERSION</key>
				<string>4</string>
				<key>DEBUG_INFORMATION_FORMAT</key>
				<string>dwarf-with-dsym</string>
				<key>DEVELOPMENT_TEAM</key>
				<string></string>
				<key>INFOPLIST_FILE</key>
				<string>Blocker/Info1.plist</string>
				<key>LD_RUNPATH_SEARCH_PATHS</key>
				<string>$(inherited) @executable_path/Frameworks @executable_path/../../Frameworks</string>
				<key>MARKETING_VERSION</key>
				<string>0.4</string>
				<key>PRODUCT_BUNDLE_IDENTIFIER</key>
				<string>uk.co.bencium.ScamBlocker.Blocker</string>
				<key>PRODUCT_NAME</key>
				<string>$(TARGET_NAME)</string>
				<key>SKIP_INSTALL</key>
				<string>YES</string>
				<key>SWIFT_OPTIMIZATION_LEVEL</key>
				<string>-O</string>
				<key>TARGETED_DEVICE_FAMILY</key>
				<string>1</string>
			</dict>
			<key>isa</key>
			<string>XCBuildConfiguration</string>
			<key>name</key>
			<string>Debug</string>
		</dict>
		<key>00000000000000000000000C</key>
		<dict>
			<key>buildSettings</key>
			<dict>
				<key>APPLICATION_EXTENSION_API_ONLY</key>
				<string>YES</string>
				<key>CODE_SIGN_STYLE</key>
				<string>Automatic</string>
				<key>CURRENT_PROJECT_VERSION</key>
				<string>4</string>
				<key>DEBUG_INFORMATION_FORMAT</key>
				<string>dwarf-with-dsym</string>
				<key>DEVELOPMENT_TEAM</key>
				<string></string>
				<key>INFOPLIST_FILE</key>
				<string>Blocker/Info1.plist</string>
				<key>LD_RUNPATH_SEARCH_PATHS</key>
				<string>$(inherited) @executable_path/Frameworks @executable_path/../../Frameworks</string>
				<key>MARKETING_VERSION</key>
				<string>0.4</string>
				<key>PRODUCT_BUNDLE_IDENTIFIER</key>
				<string>uk.co.bencium.ScamBlocker.Blocker</string>
				<key>PRODUCT_NAME</key>
				<string>$(TARGET_NAME)</string>
				<key>SKIP_INSTALL</key>
				<string>YES</string>
				<key>SWIFT_OPTIMIZATION_LEVEL</key>
				<string>-O</string>
				<key>TARGETED_DEVICE_FAMILY</key>
				<string>1</string>
			</dict>
			<key>isa</key>
			<string>XCBuildConfiguration</string>
			<key>name</key>
			<string>Release</string>
		</dict>
		<key>00000000000000000000000D</key>
		<dict>
			<key>buildConfigurations</key>
			<array>
				<string>00000000000000000000000B</string>
				<string>00000000000000000000000C</string>
			</array>
			<key>defaultConfigurationIsVisible</key>
			<integer>0</integer>
			<key>defaultConfigurationName</key>
			<string>Release</string>
			<key>isa</key>
			<string>XCConfigurationList</string>
		</dict>
		<key>00000000000000000000000E</key>
		<dict>
			<key>fileRef</key>
			<string>000000000000000000000005</string>
			<key>isa</key>
			<string>PBXBuildFile</string>
		</dict>
		<key>00000000000000000000000F</key>
		<dict>
			<key>fileRef</key>
			<string>000000000000000000000008</string>
			<key>isa</key>
			<string>PBXBuildFile</string>
		</dict>
		<key>000000000000000000000010</key>
		<dict>
			<key>fileRef</key>
			<string>000000000000000000000009</string>
			<key>isa</key>
			<string>PBXBuildFile</string>
		</dict>
		<key>000000000000000000000011</key>
		<dict>
			<key>buildActionMask</key>
			<integer>2147483647</integer>
			<key>files</key>
			<array>
				<string>00000000000000000000000E</string>
				<string>00000000000000000000000F</string>
				<string>000000000000000000000010</string>
			</array>
			<key>isa</key>
			<string>PBXSourcesBuildPhase</string>
			<key>runOnlyForDeploymentPostprocessing</key>
			<integer>0</integer>
		</dict>
		<key>000000000000000000000012</key>
		<dict>
			<key>buildConfigurationList</key>
			<string>00000000000000000000000D</string>
			<key>buildPhases</key>
			<array>
				<string>000000000000000000000011</string>
			</array>
			<key>buildRules</key>
			<array/>
			<key>dependencies</key>
			<array/>
			<key>isa</key>
			<string>PBXNativeTarget</string>
			<key>name</key>
			<string>Blocker</string>
			<key>productName</key>
			<string>Blocker</string>
			<key>productReference</key>
			<string>00000000000000000000000A</string>
			<key>productType</key>
			<string>com.apple.product-type.app-extension</string>
		</dict>
		<key>000000000000000000000013</key>
		<dict>
			<key>containerPortal</key>
			<string>000000000000000000000001</string>
			<key>isa</key>
			<string>PBXContainerItemProxy</string>
			<key>proxyType</key>
			<integer>1</integer>
			<key>remoteGlobalIDString</key>
			<string>000000000000000000000012</string>
			<key>remoteInfo</key>
			<string>Blocker</string>
		</dict>
		<key>000000000000000000000014</key>
		<dict>
			<key>isa</key>
			<string>PBXTargetDependency</string>
			<key>target</key>
			<string>000000000000000000000012</string>
			<key>targetProxy</key>
			<string>000000000000000000000013</string>
		</dict>
		<key>000000000000000000000015</key>
		<dict>
			<key>fileRef</key>
			<string>00000000000000000000000A</string>
			<key>isa</key>
			<string>PBXBuildFile</string>
			<key>settings</key>
			<dict>
				<key>ATTRIBUTES</key>
				<array>
					<string>RemoveHeadersOnCopy</string>
				</array>
			</dict>
		</dict>
		<key>000000000000000000000016</key>
		<dict>
			<key>explicitFileType</key>
			<string>wrapper.app-extension</string>
			<key>isa</key>
			<string>PBXFileReference</string>
			<key>path</key>
			<string>Part2.appex</string>
			<key>sourceTree</key>
			<string>BUILT_PRODUCTS_DIR</string>
		</dict>
		<key>000000000000000000000017</key>
		<dict>
			<key>buildSettings</key>
			<dict>
				<key>APPLICATION_EXTENSION_API_ONLY</key>
				<string>YES</string>
				<key>CODE_SIGN_STYLE</key>
				<string>Automatic</string>
				<key>CURRENT_PROJECT_VERSION</key>
				<string>4</string>
				<key>DEBUG_INFORMATION_FORMAT</key>
				<string>dwarf-with-dsym</string>
				<key>DEVELOPMENT_TEAM</key>
				<string></string>
				<key>INFOPLIST_FILE</key>
				<string>Blocker/Info2.plist</string>
				<key>LD_RUNPATH_SEARCH_PATHS</key>
				<string>$(inherited) @executable_path/Frameworks @executable_path/../../Frameworks</string>
				<key>MARKETING_VERSION</key>
				<string>0.4</string>
				<key>PRODUCT_BUNDLE_IDENTIFIER</key>
				<string>uk.co.bencium.ScamBlocker.Part2</string>
				<key>PRODUCT_NAME</key>
				<string>$(TARGET_NAME)</string>
				<key>SKIP_INSTALL</key>
				<string>YES</string>
				<key>SWIFT_OPTIMIZATION_LEVEL</key>
				<string>-O</string>
				<key>TARGETED_DEVICE_FAMILY</key>
				<string>1</string>
			</dict>
			<key>isa</key>
			<string>XCBuildConfiguration</string>
			<key>name</key>
			<string>Debug</string>
		</dict>
		<key>000000000000000000000018</key>
		<dict>
			<key>buildSettings</key>
			<dict>
				<key>APPLICATION_EXTENSION_API_ONLY</key>
				<string>YES</string>
				<key>CODE_SIGN_STYLE</key>
				<string>Automatic</string>
				<key>CURRENT_PROJECT_VERSION</key>
				<string>4</string>
				<key>DEBUG_INFORMATION_FORMAT</key>
				<string>dwarf-with-dsym</string>
				<key>DEVELOPMENT_TEAM</key>
				<string></string>
				<key>INFOPLIST_FILE</key>
				<string>Blocker/Info2.plist</string>
				<key>LD_RUNPATH_SEARCH_PATHS</key>
				<string>$(inherited) @executable_path/Frameworks @executable_path/../../Frameworks</string>
				<key>MARKETING_VERSION</key>
				<string>0.4</string>
				<key>PRODUCT_BUNDLE_IDENTIFIER</key>
				<string>uk.co.bencium.ScamBlocker.Part2</string>
				<key>PRODUCT_NAME</key>
				<string>$(TARGET_NAME)</string>
				<key>SKIP_INSTALL</key>
				<string>YES</string>
				<key>SWIFT_OPTIMIZATION_LEVEL</key>
				<string>-O</string>
				<key>TARGETED_DEVICE_FAMILY</key>
				<string>1</string>
			</dict>
			<key>isa</key>
			<string>XCBuildConfiguration</string>
			<key>name</key>
			<string>Release</string>
		</dict>
		<key>000000000000000000000019</key>
		<dict>
			<key>buildConfigurations</key>
			<array>
				<string>000000000000000000000017</string>
				<string>000000000000000000000018</string>
			</array>
			<key>defaultConfigurationIsVisible</key>
			<integer>0</integer>
			<key>defaultConfigurationName</key>
			<string>Release</string>
			<key>isa</key>
			<string>XCConfigurationList</string>
		</dict>
		<key>00000000000000000000001A</key>
		<dict>
			<key>fileRef</key>
			<string>000000000000000000000005</string>
			<key>isa</key>
			<string>PBXBuildFile</string>
		</dict>
		<key>00000000000000000000001B</key>
		<dict>
			<key>fileRef</key>
			<string>000000000000000000000008</string>
			<key>isa</key>
			<string>PBXBuildFile</string>
		</dict>
		<key>00000000000000000000001C</key>
		<dict>
			<key>fileRef</key>
			<string>000000000000000000000009</string>
			<key>isa</key>
			<string>PBXBuildFile</string>
		</dict>
		<key>00000000000000000000001D</key>
		<dict>
			<key>buildActionMask</key>
			<integer>2147483647</integer>
			<key>files</key>
			<array>
				<string>00000000000000000000001A</string>
				<string>00000000000000000000001B</string>
				<string>00000000000000000000001C</string>
			</array>
			<key>isa</key>
			<string>PBXSourcesBuildPhase</string>
			<key>runOnlyForDeploymentPostprocessing</key>
			<integer>0</integer>
		</dict>
		<key>00000000000000000000001E</key>
		<dict>
			<key>buildConfigurationList</key>
			<string>000000000000000000000019</string>
			<key>buildPhases</key>
			<array>
				<string>00000000000000000000001D</string>
			</array>
			<key>buildRules</key>
			<array/>
			<key>dependencies</key>
			<array/>
			<key>isa</key>
			<string>PBXNativeTarget</string>
			<key>name</key>
			<string>Part2</string>
			<key>productName</key>
			<string>Part2</string>
			<key>productReference</key>
			<string>000000000000000000000016</string>
			<key>productType</key>
			<string>com.apple.product-type.app-extension</string>
		</dict>
		<key>00000000000000000000001F</key>
		<dict>
			<key>containerPortal</key>
			<string>000000000000000000000001</string>
			<key>isa</key>
			<string>PBXContainerItemProxy</string>
			<key>proxyType</key>
			<integer>1</integer>
			<key>remoteGlobalIDString</key>
			<string>00000000000000000000001E</string>
			<key>remoteInfo</key>
			<string>Part2</string>
		</dict>
		<key>000000000000000000000020</key>
		<dict>
			<key>isa</key>
			<string>PBXTargetDependency</string>
			<key>target</key>
			<string>00000000000000000000001E</string>
			<key>targetProxy</key>
			<string>00000000000000000000001F</string>
		</dict>
		<key>000000000000000000000021</key>
		<dict>
			<key>fileRef</key>
			<string>000000000000000000000016</string>
			<key>isa</key>
			<string>PBXBuildFile</string>
			<key>settings</key>
			<dict>
				<key>ATTRIBUTES</key>
				<array>
					<string>RemoveHeadersOnCopy</string>
				</array>
			</dict>
		</dict>
		<key>000000000000000000000022</key>
		<dict>
			<key>explicitFileType</key>
			<string>wrapper.app-extension</string>
			<key>isa</key>
			<string>PBXFileReference</string>
			<key>path</key>
			<string>Part3.appex</string>
			<key>sourceTree</key>
			<string>BUILT_PRODUCTS_DIR</string>
		</dict>
		<key>000000000000000000000023</key>
		<dict>
			<key>buildSettings</key>
			<dict>
				<key>APPLICATION_EXTENSION_API_ONLY</key>
				<string>YES</string>
				<key>CODE_SIGN_STYLE</key>
				<string>Automatic</string>
				<key>CURRENT_PROJECT_VERSION</key>
				<string>4</string>
				<key>DEBUG_INFORMATION_FORMAT</key>
				<string>dwarf-with-dsym</string>
				<key>DEVELOPMENT_TEAM</key>
				<string></string>
				<key>INFOPLIST_FILE</key>
				<string>Blocker/Info3.plist</string>
				<key>LD_RUNPATH_SEARCH_PATHS</key>
				<string>$(inherited) @executable_path/Frameworks @executable_path/../../Frameworks</string>
				<key>MARKETING_VERSION</key>
				<string>0.4</string>
				<key>PRODUCT_BUNDLE_IDENTIFIER</key>
				<string>uk.co.bencium.ScamBlocker.Part3</string>
				<key>PRODUCT_NAME</key>
				<string>$(TARGET_NAME)</string>
				<key>SKIP_INSTALL</key>
				<string>YES</string>
				<key>SWIFT_OPTIMIZATION_LEVEL</key>
				<string>-O</string>
				<key>TARGETED_DEVICE_FAMILY</key>
				<string>1</string>
			</dict>
			<key>isa</key>
			<string>XCBuildConfiguration</string>
			<key>name</key>
			<string>Debug</string>
		</dict>
		<key>000000000000000000000024</key>
		<dict>
			<key>buildSettings</key>
			<dict>
				<key>APPLICATION_EXTENSION_API_ONLY</key>
				<string>YES</string>
				<key>CODE_SIGN_STYLE</key>
				<string>Automatic</string>
				<key>CURRENT_PROJECT_VERSION</key>
				<string>4</string>
				<key>DEBUG_INFORMATION_FORMAT</key>
				<string>dwarf-with-dsym</string>
				<key>DEVELOPMENT_TEAM</key>
				<string></string>
				<key>INFOPLIST_FILE</key>
				<string>Blocker/Info3.plist</string>
				<key>LD_RUNPATH_SEARCH_PATHS</key>
				<string>$(inherited) @executable_path/Frameworks @executable_path/../../Frameworks</string>
				<key>MARKETING_VERSION</key>
				<string>0.4</string>
				<key>PRODUCT_BUNDLE_IDENTIFIER</key>
				<string>uk.co.bencium.ScamBlocker.Part3</string>
				<key>PRODUCT_NAME</key>
				<string>$(TARGET_NAME)</string>
				<key>SKIP_INSTALL</key>
				<string>YES</string>
				<key>SWIFT_OPTIMIZATION_LEVEL</key>
				<string>-O</string>
				<key>TARGETED_DEVICE_FAMILY</key>
				<string>1</string>
			</dict>
			<key>isa</key>
			<string>XCBuildConfiguration</string>
			<key>name</key>
			<string>Release</string>
		</dict>
		<key>000000000000000000000025</key>
		<dict>
			<key>buildConfigurations</key>
			<array>
				<string>000000000000000000000023</string>
				<string>000000000000000000000024</string>
			</array>
			<key>defaultConfigurationIsVisible</key>
			<integer>0</integer>
			<key>defaultConfigurationName</key>
			<string>Release</string>
			<key>isa</key>
			<string>XCConfigurationList</string>
		</dict>
		<key>000000000000000000000026</key>
		<dict>
			<key>fileRef</key>
			<string>000000000000000000000005</string>
			<key>isa</key>
			<string>PBXBuildFile</string>
		</dict>
		<key>000000000000000000000027</key>
		<dict>
			<key>fileRef</key>
			<string>000000000000000000000008</string>
			<key>isa</key>
			<string>PBXBuildFile</string>
		</dict>
		<key>000000000000000000000028</key>
		<dict>
			<key>fileRef</key>
			<string>000000000000000000000009</string>
			<key>isa</key>
			<string>PBXBuildFile</string>
		</dict>
		<key>000000000000000000000029</key>
		<dict>
			<key>buildActionMask</key>
			<integer>2147483647</integer>
			<key>files</key>
			<array>
				<string>000000000000000000000026</string>
				<string>000000000000000000000027</string>
				<string>000000000000000000000028</string>
			</array>
			<key>isa</key>
			<string>PBXSourcesBuildPhase</string>
			<key>runOnlyForDeploymentPostprocessing</key>
			<integer>0</integer>
		</dict>
		<key>00000000000000000000002A</key>
		<dict>
			<key>buildConfigurationList</key>
			<string>000000000000000000000025</string>
			<key>buildPhases</key>
			<array>
				<string>000000000000000000000029</string>
			</array>
			<key>buildRules</key>
			<array/>
			<key>dependencies</key>
			<array/>
			<key>isa</key>
			<string>PBXNativeTarget</string>
			<key>name</key>
			<string>Part3</string>
			<key>productName</key>
			<string>Part3</string>
			<key>productReference</key>
			<string>000000000000000000000022</string>
			<key>productType</key>
			<string>com.apple.product-type.app-extension</string>
		</dict>
		<key>00000000000000000000002B</key>
		<dict>
			<key>containerPortal</key>
			<string>000000000000000000000001</string>
			<key>isa</key>
			<string>PBXContainerItemProxy</string>
			<key>proxyType</key>
			<integer>1</integer>
			<key>remoteGlobalIDString</key>
			<string>00000000000000000000002A</string>
			<key>remoteInfo</key>
			<string>Part3</string>
		</dict>
		<key>00000000000000000000002C</key>
		<dict>
			<key>isa</key>
			<string>PBXTargetDependency</string>
			<key>target</key>
			<string>00000000000000000000002A</string>
			<key>targetProxy</key>
			<string>00000000000000000000002B</string>
		</dict>
		<key>00000000000000000000002D</key>
		<dict>
			<key>fileRef</key>
			<string>000000000000000000000022</string>
			<key>isa</key>
			<string>PBXBuildFile</string>
			<key>settings</key>
			<dict>
				<key>ATTRIBUTES</key>
				<array>
					<string>RemoveHeadersOnCopy</string>
				</array>
			</dict>
		</dict>
		<key>00000000000000000000002E</key>
		<dict>
			<key>explicitFileType</key>
			<string>wrapper.app-extension</string>
			<key>isa</key>
			<string>PBXFileReference</string>
			<key>path</key>
			<string>Part4.appex</string>
			<key>sourceTree</key>
			<string>BUILT_PRODUCTS_DIR</string>
		</dict>
		<key>00000000000000000000002F</key>
		<dict>
			<key>buildSettings</key>
			<dict>
				<key>APPLICATION_EXTENSION_API_ONLY</key>
				<string>YES</string>
				<key>CODE_SIGN_STYLE</key>
				<string>Automatic</string>
				<key>CURRENT_PROJECT_VERSION</key>
				<string>4</string>
				<key>DEBUG_INFORMATION_FORMAT</key>
				<string>dwarf-with-dsym</string>
				<key>DEVELOPMENT_TEAM</key>
				<string></string>
				<key>INFOPLIST_FILE</key>
				<string>Blocker/Info4.plist</string>
				<key>LD_RUNPATH_SEARCH_PATHS</key>
				<string>$(inherited) @executable_path/Frameworks @executable_path/../../Frameworks</string>
				<key>MARKETING_VERSION</key>
				<string>0.4</string>
				<key>PRODUCT_BUNDLE_IDENTIFIER</key>
				<string>uk.co.bencium.ScamBlocker.Part4</string>
				<key>PRODUCT_NAME</key>
				<string>$(TARGET_NAME)</string>
				<key>SKIP_INSTALL</key>
				<string>YES</string>
				<key>SWIFT_OPTIMIZATION_LEVEL</key>
				<string>-O</string>
				<key>TARGETED_DEVICE_FAMILY</key>
				<string>1</string>
			</dict>
			<key>isa</key>
			<string>XCBuildConfiguration</string>
			<key>name</key>
			<string>Debug</string>
		</dict>
		<key>000000000000000000000030</key>
		<dict>
			<key>buildSettings</key>
			<dict>
				<key>APPLICATION_EXTENSION_API_ONLY</key>
				<string>YES</string>
				<key>CODE_SIGN_STYLE</key>
				<string>Automatic</string>
				<key>CURRENT_PROJECT_VERSION</key>
				<string>4</string>
				<key>DEBUG_INFORMATION_FORMAT</key>
				<string>dwarf-with-dsym</string>
				<key>DEVELOPMENT_TEAM</key>
				<string></string>
				<key>INFOPLIST_FILE</key>
				<string>Blocker/Info4.plist</string>
				<key>LD_RUNPATH_SEARCH_PATHS</key>
				<string>$(inherited) @executable_path/Frameworks @executable_path/../../Frameworks</string>
				<key>MARKETING_VERSION</key>
				<string>0.4</string>
				<key>PRODUCT_BUNDLE_IDENTIFIER</key>
				<string>uk.co.bencium.ScamBlocker.Part4</string>
				<key>PRODUCT_NAME</key>
				<string>$(TARGET_NAME)</string>
				<key>SKIP_INSTALL</key>
				<string>YES</string>
				<key>SWIFT_OPTIMIZATION_LEVEL</key>
				<string>-O</string>
				<key>TARGETED_DEVICE_FAMILY</key>
				<string>1</string>
			</dict>
			<key>isa</key>
			<string>XCBuildConfiguration</string>
			<key>name</key>
			<string>Release</string>
		</dict>
		<key>000000000000000000000031</key>
		<dict>
			<key>buildConfigurations</key>
			<array>
				<string>00000000000000000000002F</string>
				<string>000000000000000000000030</string>
			</array>
			<key>defaultConfigurationIsVisible</key>
			<integer>0</integer>
			<key>defaultConfigurationName</key>
			<string>Release</string>
			<key>isa</key>
			<string>XCConfigurationList</string>
		</dict>
		<key>000000000000000000000032</key>
		<dict>
			<key>fileRef</key>
			<string>000000000000000000000005</string>
			<key>isa</key>
			<string>PBXBuildFile</string>
		</dict>
		<key>000000000000000000000033</key>
		<dict>
			<key>fileRef</key>
			<string>000000000000000000000008</string>
			<key>isa</key>
			<string>PBXBuildFile</string>
		</dict>
		<key>000000000000000000000034</key>
		<dict>
			<key>fileRef</key>
			<string>000000000000000000000009</string>
			<key>isa</key>
			<string>PBXBuildFile</string>
		</dict>
		<key>000000000000000000000035</key>
		<dict>
			<key>buildActionMask</key>
			<integer>2147483647</integer>
			<key>files</key>
			<array>
				<string>000000000000000000000032</string>
				<string>000000000000000000000033</string>
				<string>000000000000000000000034</string>
			</array>
			<key>isa</key>
			<string>PBXSourcesBuildPhase</string>
			<key>runOnlyForDeploymentPostprocessing</key>
			<integer>0</integer>
		</dict>
		<key>000000000000000000000036</key>
		<dict>
			<key>buildConfigurationList</key>
			<string>000000000000000000000031</string>
			<key>buildPhases</key>
			<array>
				<string>000000000000000000000035</string>
			</array>
			<key>buildRules</key>
			<array/>
			<key>dependencies</key>
			<array/>
			<key>isa</key>
			<string>PBXNativeTarget</string>
			<key>name</key>
			<string>Part4</string>
			<key>productName</key>
			<string>Part4</string>
			<key>productReference</key>
			<string>00000000000000000000002E</string>
			<key>productType</key>
			<string>com.apple.product-type.app-extension</string>
		</dict>
		<key>000000000000000000000037</key>
		<dict>
			<key>containerPortal</key>
			<string>000000000000000000000001</string>
			<key>isa</key>
			<string>PBXContainerItemProxy</string>
			<key>proxyType</key>
			<integer>1</integer>
			<key>remoteGlobalIDString</key>
			<string>000000000000000000000036</string>
			<key>remoteInfo</key>
			<string>Part4</string>
		</dict>
		<key>000000000000000000000038</key>
		<dict>
			<key>isa</key>
			<string>PBXTargetDependency</string>
			<key>target</key>
			<string>000000000000000000000036</string>
			<key>targetProxy</key>
			<string>000000000000000000000037</string>
		</dict>
		<key>000000000000000000000039</key>
		<dict>
			<key>fileRef</key>
			<string>00000000000000000000002E</string>
			<key>isa</key>
			<string>PBXBuildFile</string>
			<key>settings</key>
			<dict>
				<key>ATTRIBUTES</key>
				<array>
					<string>RemoveHeadersOnCopy</string>
				</array>
			</dict>
		</dict>
		<key>00000000000000000000003A</key>
		<dict>
			<key>explicitFileType</key>
			<string>wrapper.app-extension</string>
			<key>isa</key>
			<string>PBXFileReference</string>
			<key>path</key>
			<string>Part5.appex</string>
			<key>sourceTree</key>
			<string>BUILT_PRODUCTS_DIR</string>
		</dict>
		<key>00000000000000000000003B</key>
		<dict>
			<key>buildSettings</key>
			<dict>
				<key>APPLICATION_EXTENSION_API_ONLY</key>
				<string>YES</string>
				<key>CODE_SIGN_STYLE</key>
				<string>Automatic</string>
				<key>CURRENT_PROJECT_VERSION</key>
				<string>4</string>
				<key>DEBUG_INFORMATION_FORMAT</key>
				<string>dwarf-with-dsym</string>
				<key>DEVELOPMENT_TEAM</key>
				<string></string>
				<key>INFOPLIST_FILE</key>
				<string>Blocker/Info5.plist</string>
				<key>LD_RUNPATH_SEARCH_PATHS</key>
				<string>$(inherited) @executable_path/Frameworks @executable_path/../../Frameworks</string>
				<key>MARKETING_VERSION</key>
				<string>0.4</string>
				<key>PRODUCT_BUNDLE_IDENTIFIER</key>
				<string>uk.co.bencium.ScamBlocker.Part5</string>
				<key>PRODUCT_NAME</key>
				<string>$(TARGET_NAME)</string>
				<key>SKIP_INSTALL</key>
				<string>YES</string>
				<key>SWIFT_OPTIMIZATION_LEVEL</key>
				<string>-O</string>
				<key>TARGETED_DEVICE_FAMILY</key>
				<string>1</string>
			</dict>
			<key>isa</key>
			<string>XCBuildConfiguration</string>
			<key>name</key>
			<string>Debug</string>
		</dict>
		<key>00000000000000000000003C</key>
		<dict>
			<key>buildSettings</key>
			<dict>
				<key>APPLICATION_EXTENSION_API_ONLY</key>
				<string>YES</string>
				<key>CODE_SIGN_STYLE</key>
				<string>Automatic</string>
				<key>CURRENT_PROJECT_VERSION</key>
				<string>4</string>
				<key>DEBUG_INFORMATION_FORMAT</key>
				<string>dwarf-with-dsym</string>
				<key>DEVELOPMENT_TEAM</key>
				<string></string>
				<key>INFOPLIST_FILE</key>
				<string>Blocker/Info5.plist</string>
				<key>LD_RUNPATH_SEARCH_PATHS</key>
				<string>$(inherited) @executable_path/Frameworks @executable_path/../../Frameworks</string>
				<key>MARKETING_VERSION</key>
				<string>0.4</string>
				<key>PRODUCT_BUNDLE_IDENTIFIER</key>
				<string>uk.co.bencium.ScamBlocker.Part5</string>
				<key>PRODUCT_NAME</key>
				<string>$(TARGET_NAME)</string>
				<key>SKIP_INSTALL</key>
				<string>YES</string>
				<key>SWIFT_OPTIMIZATION_LEVEL</key>
				<string>-O</string>
				<key>TARGETED_DEVICE_FAMILY</key>
				<string>1</string>
			</dict>
			<key>isa</key>
			<string>XCBuildConfiguration</string>
			<key>name</key>
			<string>Release</string>
		</dict>
		<key>00000000000000000000003D</key>
		<dict>
			<key>buildConfigurations</key>
			<array>
				<string>00000000000000000000003B</string>
				<string>00000000000000000000003C</string>
			</array>
			<key>defaultConfigurationIsVisible</key>
			<integer>0</integer>
			<key>defaultConfigurationName</key>
			<string>Release</string>
			<key>isa</key>
			<string>XCConfigurationList</string>
		</dict>
		<key>00000000000000000000003E</key>
		<dict>
			<key>fileRef</key>
			<string>000000000000000000000005</string>
			<key>isa</key>
			<string>PBXBuildFile</string>
		</dict>
		<key>00000000000000000000003F</key>
		<dict>
			<key>fileRef</key>
			<string>000000000000000000000008</string>
			<key>isa</key>
			<string>PBXBuildFile</string>
		</dict>
		<key>000000000000000000000040</key>
		<dict>
			<key>fileRef</key>
			<string>000000000000000000000009</string>
			<key>isa</key>
			<string>PBXBuildFile</string>
		</dict>
		<key>000000000000000000000041</key>
		<dict>
			<key>buildActionMask</key>
			<integer>2147483647</integer>
			<key>files</key>
			<array>
				<string>00000000000000000000003E</string>
				<string>00000000000000000000003F</string>
				<string>000000000000000000000040</string>
			</array>
			<key>isa</key>
			<string>PBXSourcesBuildPhase</string>
			<key>runOnlyForDeploymentPostprocessing</key>
			<integer>0</integer>
		</dict>
		<key>000000000000000000000042</key>
		<dict>
			<key>buildConfigurationList</key>
			<string>00000000000000000000003D</string>
			<key>buildPhases</key>
			<array>
				<string>000000000000000000000041</string>
			</array>
			<key>buildRules</key>
			<array/>
			<key>dependencies</key>
			<array/>
			<key>isa</key>
			<string>PBXNativeTarget</string>
			<key>name</key>
			<string>Part5</string>
			<key>productName</key>
			<string>Part5</string>
			<key>productReference</key>
			<string>00000000000000000000003A</string>
			<key>productType</key>
			<string>com.apple.product-type.app-extension</string>
		</dict>
		<key>000000000000000000000043</key>
		<dict>
			<key>containerPortal</key>
			<string>000000000000000000000001</string>
			<key>isa</key>
			<string>PBXContainerItemProxy</string>
			<key>proxyType</key>
			<integer>1</integer>
			<key>remoteGlobalIDString</key>
			<string>000000000000000000000042</string>
			<key>remoteInfo</key>
			<string>Part5</string>
		</dict>
		<key>000000000000000000000044</key>
		<dict>
			<key>isa</key>
			<string>PBXTargetDependency</string>
			<key>target</key>
			<string>000000000000000000000042</string>
			<key>targetProxy</key>
			<string>000000000000000000000043</string>
		</dict>
		<key>000000000000000000000045</key>
		<dict>
			<key>fileRef</key>
			<string>00000000000000000000003A</string>
			<key>isa</key>
			<string>PBXBuildFile</string>
			<key>settings</key>
			<dict>
				<key>ATTRIBUTES</key>
				<array>
					<string>RemoveHeadersOnCopy</string>
				</array>
			</dict>
		</dict>
		<key>000000000000000000000046</key>
		<dict>
			<key>explicitFileType</key>
			<string>wrapper.app-extension</string>
			<key>isa</key>
			<string>PBXFileReference</string>
			<key>path</key>
			<string>Part6.appex</string>
			<key>sourceTree</key>
			<string>BUILT_PRODUCTS_DIR</string>
		</dict>
		<key>000000000000000000000047</key>
		<dict>
			<key>buildSettings</key>
			<dict>
				<key>APPLICATION_EXTENSION_API_ONLY</key>
				<string>YES</string>
				<key>CODE_SIGN_STYLE</key>
				<string>Automatic</string>
				<key>CURRENT_PROJECT_VERSION</key>
				<string>4</string>
				<key>DEBUG_INFORMATION_FORMAT</key>
				<string>dwarf-with-dsym</string>
				<key>DEVELOPMENT_TEAM</key>
				<string></string>
				<key>INFOPLIST_FILE</key>
				<string>Blocker/Info6.plist</string>
				<key>LD_RUNPATH_SEARCH_PATHS</key>
				<string>$(inherited) @executable_path/Frameworks @executable_path/../../Frameworks</string>
				<key>MARKETING_VERSION</key>
				<string>0.4</string>
				<key>PRODUCT_BUNDLE_IDENTIFIER</key>
				<string>uk.co.bencium.ScamBlocker.Part6</string>
				<key>PRODUCT_NAME</key>
				<string>$(TARGET_NAME)</string>
				<key>SKIP_INSTALL</key>
				<string>YES</string>
				<key>SWIFT_OPTIMIZATION_LEVEL</key>
				<string>-O</string>
				<key>TARGETED_DEVICE_FAMILY</key>
				<string>1</string>
			</dict>
			<key>isa</key>
			<string>XCBuildConfiguration</string>
			<key>name</key>
			<string>Debug</string>
		</dict>
		<key>000000000000000000000048</key>
		<dict>
			<key>buildSettings</key>
			<dict>
				<key>APPLICATION_EXTENSION_API_ONLY</key>
				<string>YES</string>
				<key>CODE_SIGN_STYLE</key>
				<string>Automatic</string>
				<key>CURRENT_PROJECT_VERSION</key>
				<string>4</string>
				<key>DEBUG_INFORMATION_FORMAT</key>
				<string>dwarf-with-dsym</string>
				<key>DEVELOPMENT_TEAM</key>
				<string></string>
				<key>INFOPLIST_FILE</key>
				<string>Blocker/Info6.plist</string>
				<key>LD_RUNPATH_SEARCH_PATHS</key>
				<string>$(inherited) @executable_path/Frameworks @executable_path/../../Frameworks</string>
				<key>MARKETING_VERSION</key>
				<string>0.4</string>
				<key>PRODUCT_BUNDLE_IDENTIFIER</key>
				<string>uk.co.bencium.ScamBlocker.Part6</string>
				<key>PRODUCT_NAME</key>
				<string>$(TARGET_NAME)</string>
				<key>SKIP_INSTALL</key>
				<string>YES</string>
				<key>SWIFT_OPTIMIZATION_LEVEL</key>
				<string>-O</string>
				<key>TARGETED_DEVICE_FAMILY</key>
				<string>1</string>
			</dict>
			<key>isa</key>
			<string>XCBuildConfiguration</string>
			<key>name</key>
			<string>Release</string>
		</dict>
		<key>000000000000000000000049</key>
		<dict>
			<key>buildConfigurations</key>
			<array>
				<string>000000000000000000000047</string>
				<string>000000000000000000000048</string>
			</array>
			<key>defaultConfigurationIsVisible</key>
			<integer>0</integer>
			<key>defaultConfigurationName</key>
			<string>Release</string>
			<key>isa</key>
			<string>XCConfigurationList</string>
		</dict>
		<key>00000000000000000000004A</key>
		<dict>
			<key>fileRef</key>
			<string>000000000000000000000005</string>
			<key>isa</key>
			<string>PBXBuildFile</string>
		</dict>
		<key>00000000000000000000004B</key>
		<dict>
			<key>fileRef</key>
			<string>000000000000000000000008</string>
			<key>isa</key>
			<string>PBXBuildFile</string>
		</dict>
		<key>00000000000000000000004C</key>
		<dict>
			<key>fileRef</key>
			<string>000000000000000000000009</string>
			<key>isa</key>
			<string>PBXBuildFile</string>
		</dict>
		<key>00000000000000000000004D</key>
		<dict>
			<key>buildActionMask</key>
			<integer>2147483647</integer>
			<key>files</key>
			<array>
				<string>00000000000000000000004A</string>
				<string>00000000000000000000004B</string>
				<string>00000000000000000000004C</string>
			</array>
			<key>isa</key>
			<string>PBXSourcesBuildPhase</string>
			<key>runOnlyForDeploymentPostprocessing</key>
			<integer>0</integer>
		</dict>
		<key>00000000000000000000004E</key>
		<dict>
			<key>buildConfigurationList</key>
			<string>000000000000000000000049</string>
			<key>buildPhases</key>
			<array>
				<string>00000000000000000000004D</string>
			</array>
			<key>buildRules</key>
			<array/>
			<key>dependencies</key>
			<array/>
			<key>isa</key>
			<string>PBXNativeTarget</string>
			<key>name</key>
			<string>Part6</string>
			<key>productName</key>
			<string>Part6</string>
			<key>productReference</key>
			<string>000000000000000000000046</string>
			<key>productType</key>
			<string>com.apple.product-type.app-extension</string>
		</dict>
		<key>00000000000000000000004F</key>
		<dict>
			<key>containerPortal</key>
			<string>000000000000000000000001</string>
			<key>isa</key>
			<string>PBXContainerItemProxy</string>
			<key>proxyType</key>
			<integer>1</integer>
			<key>remoteGlobalIDString</key>
			<string>00000000000000000000004E</string>
			<key>remoteInfo</key>
			<string>Part6</string>
		</dict>
		<key>000000000000000000000050</key>
		<dict>
			<key>isa</key>
			<string>PBXTargetDependency</string>
			<key>target</key>
			<string>00000000000000000000004E</string>
			<key>targetProxy</key>
			<string>00000000000000000000004F</string>
		</dict>
		<key>000000000000000000000051</key>
		<dict>
			<key>fileRef</key>
			<string>000000000000000000000046</string>
			<key>isa</key>
			<string>PBXBuildFile</string>
			<key>settings</key>
			<dict>
				<key>ATTRIBUTES</key>
				<array>
					<string>RemoveHeadersOnCopy</string>
				</array>
			</dict>
		</dict>
		<key>000000000000000000000052</key>
		<dict>
			<key>explicitFileType</key>
			<string>wrapper.extensionkit-extension</string>
			<key>isa</key>
			<string>PBXFileReference</string>
			<key>path</key>
			<string>Lookup.appex</string>
			<key>sourceTree</key>
			<string>BUILT_PRODUCTS_DIR</string>
		</dict>
		<key>000000000000000000000053</key>
		<dict>
			<key>buildSettings</key>
			<dict>
				<key>APPLICATION_EXTENSION_API_ONLY</key>
				<string>YES</string>
				<key>CODE_SIGN_STYLE</key>
				<string>Automatic</string>
				<key>CURRENT_PROJECT_VERSION</key>
				<string>4</string>
				<key>DEBUG_INFORMATION_FORMAT</key>
				<string>dwarf-with-dsym</string>
				<key>DEVELOPMENT_TEAM</key>
				<string></string>
				<key>INFOPLIST_FILE</key>
				<string>Lookup/Info.plist</string>
				<key>LD_RUNPATH_SEARCH_PATHS</key>
				<string>$(inherited) @executable_path/Frameworks @executable_path/../../Frameworks</string>
				<key>MARKETING_VERSION</key>
				<string>0.4</string>
				<key>PRODUCT_BUNDLE_IDENTIFIER</key>
				<string>uk.co.bencium.ScamBlocker.Lookup</string>
				<key>PRODUCT_NAME</key>
				<string>$(TARGET_NAME)</string>
				<key>SKIP_INSTALL</key>
				<string>YES</string>
				<key>SWIFT_OPTIMIZATION_LEVEL</key>
				<string>-O</string>
				<key>TARGETED_DEVICE_FAMILY</key>
				<string>1</string>
			</dict>
			<key>isa</key>
			<string>XCBuildConfiguration</string>
			<key>name</key>
			<string>Debug</string>
		</dict>
		<key>000000000000000000000054</key>
		<dict>
			<key>buildSettings</key>
			<dict>
				<key>APPLICATION_EXTENSION_API_ONLY</key>
				<string>YES</string>
				<key>CODE_SIGN_STYLE</key>
				<string>Automatic</string>
				<key>CURRENT_PROJECT_VERSION</key>
				<string>4</string>
				<key>DEBUG_INFORMATION_FORMAT</key>
				<string>dwarf-with-dsym</string>
				<key>DEVELOPMENT_TEAM</key>
				<string></string>
				<key>INFOPLIST_FILE</key>
				<string>Lookup/Info.plist</string>
				<key>LD_RUNPATH_SEARCH_PATHS</key>
				<string>$(inherited) @executable_path/Frameworks @executable_path/../../Frameworks</string>
				<key>MARKETING_VERSION</key>
				<string>0.4</string>
				<key>PRODUCT_BUNDLE_IDENTIFIER</key>
				<string>uk.co.bencium.ScamBlocker.Lookup</string>
				<key>PRODUCT_NAME</key>
				<string>$(TARGET_NAME)</string>
				<key>SKIP_INSTALL</key>
				<string>YES</string>
				<key>SWIFT_OPTIMIZATION_LEVEL</key>
				<string>-O</string>
				<key>TARGETED_DEVICE_FAMILY</key>
				<string>1</string>
			</dict>
			<key>isa</key>
			<string>XCBuildConfiguration</string>
			<key>name</key>
			<string>Release</string>
		</dict>
		<key>000000000000000000000055</key>
		<dict>
			<key>buildConfigurations</key>
			<array>
				<string>000000000000000000000053</string>
				<string>000000000000000000000054</string>
			</array>
			<key>defaultConfigurationIsVisible</key>
			<integer>0</integer>
			<key>defaultConfigurationName</key>
			<string>Release</string>
			<key>isa</key>
			<string>XCConfigurationList</string>
		</dict>
		<key>000000000000000000000056</key>
		<dict>
			<key>fileRef</key>
			<string>000000000000000000000006</string>
			<key>isa</key>
			<string>PBXBuildFile</string>
		</dict>
		<key>000000000000000000000057</key>
		<dict>
			<key>fileRef</key>
			<string>000000000000000000000007</string>
			<key>isa</key>
			<string>PBXBuildFile</string>
		</dict>
		<key>000000000000000000000058</key>
		<dict>
			<key>buildActionMask</key>
			<integer>2147483647</integer>
			<key>files</key>
			<array>
				<string>000000000000000000000056</string>
				<string>000000000000000000000057</string>
			</array>
			<key>isa</key>
			<string>PBXSourcesBuildPhase</string>
			<key>runOnlyForDeploymentPostprocessing</key>
			<integer>0</integer>
		</dict>
		<key>000000000000000000000059</key>
		<dict>
			<key>buildConfigurationList</key>
			<string>000000000000000000000055</string>
			<key>buildPhases</key>
			<array>
				<string>000000000000000000000058</string>
			</array>
			<key>buildRules</key>
			<array/>
			<key>dependencies</key>
			<array/>
			<key>isa</key>
			<string>PBXNativeTarget</string>
			<key>name</key>
			<string>Lookup</string>
			<key>productName</key>
			<string>Lookup</string>
			<key>productReference</key>
			<string>000000000000000000000052</string>
			<key>productType</key>
			<string>com.apple.product-type.extensionkit-extension</string>
		</dict>
		<key>00000000000000000000005A</key>
		<dict>
			<key>containerPortal</key>
			<string>000000000000000000000001</string>
			<key>isa</key>
			<string>PBXContainerItemProxy</string>
			<key>proxyType</key>
			<integer>1</integer>
			<key>remoteGlobalIDString</key>
			<string>000000000000000000000059</string>
			<key>remoteInfo</key>
			<string>Lookup</string>
		</dict>
		<key>00000000000000000000005B</key>
		<dict>
			<key>isa</key>
			<string>PBXTargetDependency</string>
			<key>target</key>
			<string>000000000000000000000059</string>
			<key>targetProxy</key>
			<string>00000000000000000000005A</string>
		</dict>
		<key>00000000000000000000005C</key>
		<dict>
			<key>fileRef</key>
			<string>000000000000000000000052</string>
			<key>isa</key>
			<string>PBXBuildFile</string>
			<key>settings</key>
			<dict>
				<key>ATTRIBUTES</key>
				<array>
					<string>RemoveHeadersOnCopy</string>
				</array>
			</dict>
		</dict>
		<key>00000000000000000000005D</key>
		<dict>
			<key>explicitFileType</key>
			<string>wrapper.application</string>
			<key>isa</key>
			<string>PBXFileReference</string>
			<key>path</key>
			<string>ScamBlocker.app</string>
			<key>sourceTree</key>
			<string>BUILT_PRODUCTS_DIR</string>
		</dict>
		<key>00000000000000000000005E</key>
		<dict>
			<key>buildActionMask</key>
			<integer>2147483647</integer>
			<key>dstPath</key>
			<string></string>
			<key>dstSubfolderSpec</key>
			<integer>13</integer>
			<key>files</key>
			<array>
				<string>000000000000000000000015</string>
				<string>000000000000000000000021</string>
				<string>00000000000000000000002D</string>
				<string>000000000000000000000039</string>
				<string>000000000000000000000045</string>
				<string>000000000000000000000051</string>
			</array>
			<key>isa</key>
			<string>PBXCopyFilesBuildPhase</string>
			<key>name</key>
			<string>Embed App Extensions</string>
			<key>runOnlyForDeploymentPostprocessing</key>
			<integer>0</integer>
		</dict>
		<key>00000000000000000000005F</key>
		<dict>
			<key>buildActionMask</key>
			<integer>2147483647</integer>
			<key>dstPath</key>
			<string>$(EXTENSIONS_FOLDER_PATH)</string>
			<key>dstSubfolderSpec</key>
			<integer>16</integer>
			<key>files</key>
			<array>
				<string>00000000000000000000005C</string>
			</array>
			<key>isa</key>
			<string>PBXCopyFilesBuildPhase</string>
			<key>name</key>
			<string>Embed ExtensionKit Extensions</string>
			<key>runOnlyForDeploymentPostprocessing</key>
			<integer>0</integer>
		</dict>
		<key>000000000000000000000060</key>
		<dict>
			<key>buildSettings</key>
			<dict>
				<key>CODE_SIGN_STYLE</key>
				<string>Automatic</string>
				<key>CURRENT_PROJECT_VERSION</key>
				<string>4</string>
				<key>DEBUG_INFORMATION_FORMAT</key>
				<string>dwarf-with-dsym</string>
				<key>DEVELOPMENT_TEAM</key>
				<string></string>
				<key>INFOPLIST_FILE</key>
				<string>App/Info.plist</string>
				<key>LD_RUNPATH_SEARCH_PATHS</key>
				<string>$(inherited) @executable_path/Frameworks</string>
				<key>MARKETING_VERSION</key>
				<string>0.4</string>
				<key>PRODUCT_BUNDLE_IDENTIFIER</key>
				<string>uk.co.bencium.ScamBlocker</string>
				<key>PRODUCT_NAME</key>
				<string>$(TARGET_NAME)</string>
				<key>SWIFT_OPTIMIZATION_LEVEL</key>
				<string>-O</string>
				<key>TARGETED_DEVICE_FAMILY</key>
				<string>1</string>
			</dict>
			<key>isa</key>
			<string>XCBuildConfiguration</string>
			<key>name</key>
			<string>Debug</string>
		</dict>
		<key>000000000000000000000061</key>
		<dict>
			<key>buildSettings</key>
			<dict>
				<key>CODE_SIGN_STYLE</key>
				<string>Automatic</string>
				<key>CURRENT_PROJECT_VERSION</key>
				<string>4</string>
				<key>DEBUG_INFORMATION_FORMAT</key>
				<string>dwarf-with-dsym</string>
				<key>DEVELOPMENT_TEAM</key>
				<string></string>
				<key>INFOPLIST_FILE</key>
				<string>App/Info.plist</string>
				<key>LD_RUNPATH_SEARCH_PATHS</key>
				<string>$(inherited) @executable_path/Frameworks</string>
				<key>MARKETING_VERSION</key>
				<string>0.4</string>
				<key>PRODUCT_BUNDLE_IDENTIFIER</key>
				<string>uk.co.bencium.ScamBlocker</string>
				<key>PRODUCT_NAME</key>
				<string>$(TARGET_NAME)</string>
				<key>SWIFT_OPTIMIZATION_LEVEL</key>
				<string>-O</string>
				<key>TARGETED_DEVICE_FAMILY</key>
				<string>1</string>
			</dict>
			<key>isa</key>
			<string>XCBuildConfiguration</string>
			<key>name</key>
			<string>Release</string>
		</dict>
		<key>000000000000000000000062</key>
		<dict>
			<key>buildConfigurations</key>
			<array>
				<string>000000000000000000000060</string>
				<string>000000000000000000000061</string>
			</array>
			<key>defaultConfigurationIsVisible</key>
			<integer>0</integer>
			<key>defaultConfigurationName</key>
			<string>Release</string>
			<key>isa</key>
			<string>XCConfigurationList</string>
		</dict>
		<key>000000000000000000000063</key>
		<dict>
			<key>fileRef</key>
			<string>000000000000000000000002</string>
			<key>isa</key>
			<string>PBXBuildFile</string>
		</dict>
		<key>000000000000000000000064</key>
		<dict>
			<key>fileRef</key>
			<string>000000000000000000000003</string>
			<key>isa</key>
			<string>PBXBuildFile</string>
		</dict>
		<key>000000000000000000000065</key>
		<dict>
			<key>fileRef</key>
			<string>000000000000000000000004</string>
			<key>isa</key>
			<string>PBXBuildFile</string>
		</dict>
		<key>000000000000000000000066</key>
		<dict>
			<key>fileRef</key>
			<string>000000000000000000000008</string>
			<key>isa</key>
			<string>PBXBuildFile</string>
		</dict>
		<key>000000000000000000000067</key>
		<dict>
			<key>fileRef</key>
			<string>000000000000000000000009</string>
			<key>isa</key>
			<string>PBXBuildFile</string>
		</dict>
		<key>000000000000000000000068</key>
		<dict>
			<key>buildActionMask</key>
			<integer>2147483647</integer>
			<key>files</key>
			<array>
				<string>000000000000000000000063</string>
				<string>000000000000000000000064</string>
				<string>000000000000000000000065</string>
				<string>000000000000000000000066</string>
				<string>000000000000000000000067</string>
			</array>
			<key>isa</key>
			<string>PBXSourcesBuildPhase</string>
			<key>runOnlyForDeploymentPostprocessing</key>
			<integer>0</integer>
		</dict>
		<key>000000000000000000000069</key>
		<dict>
			<key>buildConfigurationList</key>
			<string>000000000000000000000062</string>
			<key>buildPhases</key>
			<array>
				<string>000000000000000000000068</string>
				<string>00000000000000000000005E</string>
				<string>00000000000000000000005F</string>
			</array>
			<key>buildRules</key>
			<array/>
			<key>dependencies</key>
			<array>
				<string>000000000000000000000014</string>
				<string>000000000000000000000020</string>
				<string>00000000000000000000002C</string>
				<string>000000000000000000000038</string>
				<string>000000000000000000000044</string>
				<string>000000000000000000000050</string>
				<string>00000000000000000000005B</string>
			</array>
			<key>isa</key>
			<string>PBXNativeTarget</string>
			<key>name</key>
			<string>ScamBlocker</string>
			<key>productName</key>
			<string>ScamBlocker</string>
			<key>productReference</key>
			<string>00000000000000000000005D</string>
			<key>productType</key>
			<string>com.apple.product-type.application</string>
		</dict>
		<key>00000000000000000000006A</key>
		<dict>
			<key>children</key>
			<array>
				<string>00000000000000000000005D</string>
				<string>00000000000000000000000A</string>
				<string>000000000000000000000016</string>
				<string>000000000000000000000022</string>
				<string>00000000000000000000002E</string>
				<string>00000000000000000000003A</string>
				<string>000000000000000000000046</string>
				<string>000000000000000000000052</string>
			</array>
			<key>isa</key>
			<string>PBXGroup</string>
			<key>name</key>
			<string>Products</string>
			<key>sourceTree</key>
			<string>&lt;group&gt;</string>
		</dict>
		<key>00000000000000000000006B</key>
		<dict>
			<key>children</key>
			<array>
				<string>000000000000000000000002</string>
				<string>000000000000000000000003</string>
				<string>000000000000000000000004</string>
				<string>000000000000000000000005</string>
				<string>000000000000000000000008</string>
				<string>000000000000000000000009</string>
				<string>000000000000000000000006</string>
				<string>000000000000000000000007</string>
				<string>00000000000000000000006A</string>
			</array>
			<key>isa</key>
			<string>PBXGroup</string>
			<key>sourceTree</key>
			<string>&lt;group&gt;</string>
		</dict>
		<key>00000000000000000000006C</key>
		<dict>
			<key>buildSettings</key>
			<dict>
				<key>CLANG_ENABLE_MODULES</key>
				<string>YES</string>
				<key>CODE_SIGN_STYLE</key>
				<string>Automatic</string>
				<key>CURRENT_PROJECT_VERSION</key>
				<string>4</string>
				<key>DEBUG_INFORMATION_FORMAT</key>
				<string>dwarf-with-dsym</string>
				<key>DEVELOPMENT_TEAM</key>
				<string></string>
				<key>IPHONEOS_DEPLOYMENT_TARGET</key>
				<string>18.0</string>
				<key>MARKETING_VERSION</key>
				<string>0.4</string>
				<key>PRODUCT_NAME</key>
				<string>$(TARGET_NAME)</string>
				<key>SDKROOT</key>
				<string>iphoneos</string>
				<key>SWIFT_ACTIVE_COMPILATION_CONDITIONS</key>
				<string>$(inherited)</string>
				<key>SWIFT_OPTIMIZATION_LEVEL</key>
				<string>-O</string>
				<key>SWIFT_VERSION</key>
				<string>5.0</string>
				<key>TARGETED_DEVICE_FAMILY</key>
				<string>1</string>
			</dict>
			<key>isa</key>
			<string>XCBuildConfiguration</string>
			<key>name</key>
			<string>Debug</string>
		</dict>
		<key>00000000000000000000006D</key>
		<dict>
			<key>buildSettings</key>
			<dict>
				<key>CLANG_ENABLE_MODULES</key>
				<string>YES</string>
				<key>CODE_SIGN_STYLE</key>
				<string>Automatic</string>
				<key>CURRENT_PROJECT_VERSION</key>
				<string>4</string>
				<key>DEBUG_INFORMATION_FORMAT</key>
				<string>dwarf-with-dsym</string>
				<key>DEVELOPMENT_TEAM</key>
				<string></string>
				<key>IPHONEOS_DEPLOYMENT_TARGET</key>
				<string>18.0</string>
				<key>MARKETING_VERSION</key>
				<string>0.4</string>
				<key>PRODUCT_NAME</key>
				<string>$(TARGET_NAME)</string>
				<key>SDKROOT</key>
				<string>iphoneos</string>
				<key>SWIFT_ACTIVE_COMPILATION_CONDITIONS</key>
				<string>$(inherited)</string>
				<key>SWIFT_OPTIMIZATION_LEVEL</key>
				<string>-O</string>
				<key>SWIFT_VERSION</key>
				<string>5.0</string>
				<key>TARGETED_DEVICE_FAMILY</key>
				<string>1</string>
			</dict>
			<key>isa</key>
			<string>XCBuildConfiguration</string>
			<key>name</key>
			<string>Release</string>
		</dict>
		<key>00000000000000000000006E</key>
		<dict>
			<key>buildConfigurations</key>
			<array>
				<string>00000000000000000000006C</string>
				<string>00000000000000000000006D</string>
			</array>
			<key>defaultConfigurationIsVisible</key>
			<integer>0</integer>
			<key>defaultConfigurationName</key>
			<string>Release</string>
			<key>isa</key>
			<string>XCConfigurationList</string>
		</dict>
	</dict>
	<key>rootObject</key>
	<string>000000000000000000000001</string>
</dict>
</plist>
